<?xml version="1.0" encoding="utf-8"?>
<Project ToolsVersion="4.0" xmlns="http://schemas.microsoft.com/developer/msbuild/2003">
  <ItemGroup>
    <Filter Include="ソース ファイル">
      <UniqueIdentifier>{4FC737F1-C7A5-4376-A066-2A32D752A2FF}</UniqueIdentifier>
      <Extensions>cpp;c;cc;cxx;c++;cppm;ixx;def;odl;idl;hpj;bat;asm;asmx</Extensions>
    </Filter>
    <Filter Include="リソース ファイル">
      <UniqueIdentifier>{67DA6AB6-F800-4c08-8B7A-83BB121AAD01}</UniqueIdentifier>
      <Extensions>rc;ico;cur;bmp;dlg;rc2;rct;bin;rgs;gif;jpg;jpeg;jpe;resx;tiff;tif;png;wav;mfcribbon-ms</Extensions>
    </Filter>
    <Filter Include="ソース ファイル\Scene">
      <UniqueIdentifier>{f3aa1a34-7b58-4025-94f2-6fe748f977f5}</UniqueIdentifier>
    </Filter>
    <Filter Include="ソース ファイル\Util">
      <UniqueIdentifier>{9b2c7ff6-383a-44a6-b048-c6fc206fb1b3}</UniqueIdentifier>
    </Filter>
    <Filter Include="ソース ファイル\Object">
      <UniqueIdentifier>{4470708a-09f4-4350-8b02-bd3429b7815f}</UniqueIdentifier>
    </Filter>
    <Filter Include="ソース ファイル\MyLib">
      <UniqueIdentifier>{274fb26f-575c-4804-af94-b714a53e88f1}</UniqueIdentifier>
    </Filter>
    <Filter Include="ソース ファイル\Common">
      <UniqueIdentifier>{02102386-f21c-42cf-9964-44f46e93e7b4}</UniqueIdentifier>
    </Filter>
    <Filter Include="ソース ファイル\Character">
      <UniqueIdentifier>{7eb17488-b92e-4558-b38a-c8c191cd87e3}</UniqueIdentifier>
    </Filter>
    <Filter Include="ソース ファイル\Character\Player">
      <UniqueIdentifier>{8f11c3d7-f8e4-437e-99a9-5320223dc1cc}</UniqueIdentifier>
    </Filter>
    <Filter Include="ソース ファイル\Character\Player\State">
      <UniqueIdentifier>{f67808dc-c87c-4bdb-a403-123266784fc0}</UniqueIdentifier>
    </Filter>
    <Filter Include="ソース ファイル\Character\Enemy">
      <UniqueIdentifier>{b7dbd386-100c-4ecc-88bf-c8a1b721551c}</UniqueIdentifier>
    </Filter>
    <Filter Include="ソース ファイル\Character\Enemy\State">
      <UniqueIdentifier>{1734faed-1e73-4da1-9bde-0c30873fb827}</UniqueIdentifier>
    </Filter>
    <Filter Include="ソース ファイル\Object\Trap">
      <UniqueIdentifier>{c11e7215-b23d-4744-9c14-5755d9928a9c}</UniqueIdentifier>
    </Filter>
    <Filter Include="ソース ファイル\Geometry">
      <UniqueIdentifier>{c176987a-6b58-4c6c-b954-52996b9c4726}</UniqueIdentifier>
    </Filter>
    <Filter Include="ソース ファイル\Ui">
      <UniqueIdentifier>{3ca7d748-1a85-4433-9466-7b57797979eb}</UniqueIdentifier>
    </Filter>
  </ItemGroup>
  <ItemGroup>
    <ClCompile Include="Main.cpp">
      <Filter>ソース ファイル</Filter>
    </ClCompile>
    <ClCompile Include="Scene\SceneTitle.cpp">
      <Filter>ソース ファイル\Scene</Filter>
    </ClCompile>
    <ClCompile Include="Scene\SceneBase.cpp">
      <Filter>ソース ファイル\Scene</Filter>
    </ClCompile>
    <ClCompile Include="Scene\SceneGame.cpp">
      <Filter>ソース ファイル\Scene</Filter>
    </ClCompile>
    <ClCompile Include="Scene\SceneManager.cpp">
      <Filter>ソース ファイル\Scene</Filter>
    </ClCompile>
    <ClCompile Include="Scene\ScenePause.cpp">
      <Filter>ソース ファイル\Scene</Filter>
    </ClCompile>
    <ClCompile Include="Util\Camera.cpp">
      <Filter>ソース ファイル\Util</Filter>
    </ClCompile>
    <ClCompile Include="MyLib\Collidable.cpp">
      <Filter>ソース ファイル\MyLib</Filter>
    </ClCompile>
    <ClCompile Include="MyLib\ColliderBase.cpp">
      <Filter>ソース ファイル\MyLib</Filter>
    </ClCompile>
    <ClCompile Include="MyLib\ColliderCupsule.cpp">
      <Filter>ソース ファイル\MyLib</Filter>
    </ClCompile>
    <ClCompile Include="MyLib\ColliderSphere.cpp">
      <Filter>ソース ファイル\MyLib</Filter>
    </ClCompile>
    <ClCompile Include="MyLib\DebugDraw.cpp">
      <Filter>ソース ファイル\MyLib</Filter>
    </ClCompile>
    <ClCompile Include="MyLib\Physics.cpp">
      <Filter>ソース ファイル\MyLib</Filter>
    </ClCompile>
    <ClCompile Include="MyLib\Rigidbody.cpp">
      <Filter>ソース ファイル\MyLib</Filter>
    </ClCompile>
    <ClCompile Include="Util\Input.cpp">
      <Filter>ソース ファイル\MyLib</Filter>
    </ClCompile>
    <ClCompile Include="Character\CharacterBase.cpp">
      <Filter>ソース ファイル\Character</Filter>
    </ClCompile>
    <ClCompile Include="Character\Player\Player.cpp">
      <Filter>ソース ファイル\Character\Player</Filter>
    </ClCompile>
    <ClCompile Include="Character\Player\State\PlayerStateIdle.cpp">
      <Filter>ソース ファイル\Character\Player\State</Filter>
    </ClCompile>
    <ClCompile Include="Character\Player\State\PlayerStateWalk.cpp">
      <Filter>ソース ファイル\Character\Player\State</Filter>
    </ClCompile>
    <ClCompile Include="Character\Player\State\StateBase.cpp">
      <Filter>ソース ファイル\Character</Filter>
    </ClCompile>
    <ClCompile Include="Object\HealPortion.cpp">
      <Filter>ソース ファイル\Object</Filter>
    </ClCompile>
    <ClCompile Include="Object\ObjectBase.cpp">
      <Filter>ソース ファイル\Object</Filter>
    </ClCompile>
    <ClCompile Include="Common\MapManager.cpp">
      <Filter>ソース ファイル\Common</Filter>
    </ClCompile>
    <ClCompile Include="Common\ModelManager.cpp">
      <Filter>ソース ファイル\Common</Filter>
    </ClCompile>
    <ClCompile Include="Common\LoadCSV.cpp">
      <Filter>ソース ファイル\Common</Filter>
    </ClCompile>
    <ClCompile Include="Character\Enemy\EnemyBase.cpp">
      <Filter>ソース ファイル\Character\Enemy</Filter>
    </ClCompile>
    <ClCompile Include="Character\Player\State\PlayerStateJump.cpp">
      <Filter>ソース ファイル\Character\Player\State</Filter>
    </ClCompile>
    <ClCompile Include="Object\Shot.cpp">
      <Filter>ソース ファイル\Object</Filter>
    </ClCompile>
    <ClCompile Include="Object\Crystal.cpp">
      <Filter>ソース ファイル\Object</Filter>
    </ClCompile>
    <ClCompile Include="Character\Enemy\EnemyNormal.cpp">
      <Filter>ソース ファイル\Character\Enemy</Filter>
    </ClCompile>
    <ClCompile Include="Common\SoundManager.cpp">
      <Filter>ソース ファイル\Common</Filter>
    </ClCompile>
    <ClCompile Include="Common\EffectManager.cpp">
      <Filter>ソース ファイル\Common</Filter>
    </ClCompile>
    <ClCompile Include="Character\Player\State\PlayerStateDash.cpp">
      <Filter>ソース ファイル\Character\Player\State</Filter>
    </ClCompile>
    <ClCompile Include="Character\Enemy\State\EnemyStateIdle.cpp">
      <Filter>ソース ファイル\Character\Enemy\State</Filter>
    </ClCompile>
    <ClCompile Include="Character\Enemy\State\EnemyStateWalk.cpp">
      <Filter>ソース ファイル\Character\Enemy\State</Filter>
    </ClCompile>
    <ClCompile Include="Common\TrapManager.cpp">
      <Filter>ソース ファイル\Common</Filter>
    </ClCompile>
    <ClCompile Include="Scene\SceneDebug.cpp">
      <Filter>ソース ファイル\Scene</Filter>
    </ClCompile>
    <ClCompile Include="Scene\SceneStrengthen.cpp">
      <Filter>ソース ファイル\Scene</Filter>
    </ClCompile>
    <ClCompile Include="Scene\SceneOption.cpp">
      <Filter>ソース ファイル\Scene</Filter>
    </ClCompile>
    <ClCompile Include="Scene\SceneRanking.cpp">
      <Filter>ソース ファイル\Scene</Filter>
    </ClCompile>
    <ClCompile Include="Scene\SceneResult.cpp">
      <Filter>ソース ファイル\Scene</Filter>
    </ClCompile>
    <ClCompile Include="Scene\SceneMainMenu.cpp">
      <Filter>ソース ファイル\Scene</Filter>
    </ClCompile>
    <ClCompile Include="Scene\SceneStageSelect.cpp">
      <Filter>ソース ファイル\Scene</Filter>
    </ClCompile>
    <ClCompile Include="Character\Player\State\PlayerStateDeath.cpp">
      <Filter>ソース ファイル\Character\Player\State</Filter>
    </ClCompile>
    <ClCompile Include="Character\Enemy\State\EnemyStateDeath.cpp">
      <Filter>ソース ファイル\Character\Enemy\State</Filter>
    </ClCompile>
    <ClCompile Include="Character\Enemy\SwarmEnemy.cpp">
      <Filter>ソース ファイル\Character\Enemy</Filter>
    </ClCompile>
    <ClCompile Include="Character\Enemy\State\EnemyStateAttack.cpp">
      <Filter>ソース ファイル\Character\Enemy\State</Filter>
    </ClCompile>
    <ClCompile Include="Object\Trap\SpikeTrap.cpp">
      <Filter>ソース ファイル\Object\Trap</Filter>
    </ClCompile>
    <ClCompile Include="Object\Trap\TrapBase.cpp">
      <Filter>ソース ファイル\Object\Trap</Filter>
    </ClCompile>
    <ClCompile Include="Common\ImageManager.cpp">
      <Filter>ソース ファイル\Common</Filter>
    </ClCompile>
    <ClCompile Include="Geometry\MathHelp.cpp">
      <Filter>ソース ファイル\Geometry</Filter>
    </ClCompile>
    <ClCompile Include="Geometry\Vec3.cpp">
      <Filter>ソース ファイル\Geometry</Filter>
    </ClCompile>
    <ClCompile Include="Geometry\LocalPos.cpp">
      <Filter>ソース ファイル\Geometry</Filter>
    </ClCompile>
    <ClCompile Include="Geometry\Vec2.cpp">
      <Filter>ソース ファイル\Geometry</Filter>
    </ClCompile>
    <ClCompile Include="Ui\HPBar.cpp">
      <Filter>ソース ファイル\Ui</Filter>
    </ClCompile>
    <ClCompile Include="Common\GameManager.cpp">
      <Filter>ソース ファイル\Common</Filter>
    </ClCompile>
    <ClCompile Include="Common\EnemyManager.cpp">
      <Filter>ソース ファイル\Common</Filter>
    </ClCompile>
  </ItemGroup>
  <ItemGroup>
    <ClInclude Include="Character\Enemy\State\EnemyStateAttack.h">
      <Filter>ソース ファイル\Character\Enemy\State</Filter>
    </ClInclude>
    <ClInclude Include="Character\Enemy\State\EnemyStateDeath.h">
      <Filter>ソース ファイル\Character\Enemy\State</Filter>
    </ClInclude>
    <ClInclude Include="Character\Enemy\State\EnemyStateIdle.h">
      <Filter>ソース ファイル\Character\Enemy\State</Filter>
    </ClInclude>
    <ClInclude Include="Character\Enemy\State\EnemyStateWalk.h">
      <Filter>ソース ファイル\Character\Enemy\State</Filter>
    </ClInclude>
    <ClInclude Include="Character\Enemy\EnemyBase.h">
      <Filter>ソース ファイル\Character\Enemy</Filter>
    </ClInclude>
    <ClInclude Include="Character\Enemy\EnemyNormal.h">
      <Filter>ソース ファイル\Character\Enemy</Filter>
    </ClInclude>
    <ClInclude Include="Character\Enemy\SwarmEnemy.h">
      <Filter>ソース ファイル\Character\Enemy</Filter>
    </ClInclude>
    <ClInclude Include="Character\Player\State\PlayerStateDash.h">
      <Filter>ソース ファイル\Character\Player\State</Filter>
    </ClInclude>
    <ClInclude Include="Character\Player\State\PlayerStateDeath.h">
      <Filter>ソース ファイル\Character\Player\State</Filter>
    </ClInclude>
    <ClInclude Include="Character\Player\State\PlayerStateIdle.h">
      <Filter>ソース ファイル\Character\Player\State</Filter>
    </ClInclude>
    <ClInclude Include="Character\Player\State\PlayerStateJump.h">
      <Filter>ソース ファイル\Character\Player\State</Filter>
    </ClInclude>
    <ClInclude Include="Character\Player\State\PlayerStateWalk.h">
      <Filter>ソース ファイル\Character\Player\State</Filter>
    </ClInclude>
    <ClInclude Include="Character\Player\Player.h">
      <Filter>ソース ファイル\Character\Player</Filter>
    </ClInclude>
    <ClInclude Include="Character\CharacterBase.h">
      <Filter>ソース ファイル\Character</Filter>
    </ClInclude>
    <ClInclude Include="Character\Player\State\StateBase.h">
      <Filter>ソース ファイル\Character</Filter>
    </ClInclude>
    <ClInclude Include="Common\EffectManager.h">
      <Filter>ソース ファイル\Common</Filter>
    </ClInclude>
    <ClInclude Include="Common\LoadCSV.h">
      <Filter>ソース ファイル\Common</Filter>
    </ClInclude>
    <ClInclude Include="Common\MapManager.h">
      <Filter>ソース ファイル\Common</Filter>
    </ClInclude>
    <ClInclude Include="Common\ModelManager.h">
      <Filter>ソース ファイル\Common</Filter>
    </ClInclude>
    <ClInclude Include="Common\SoundManager.h">
      <Filter>ソース ファイル\Common</Filter>
    </ClInclude>
    <ClInclude Include="Common\TrapManager.h">
      <Filter>ソース ファイル\Common</Filter>
    </ClInclude>
    <ClInclude Include="MyLib\Collidable.h">
      <Filter>ソース ファイル\MyLib</Filter>
    </ClInclude>
    <ClInclude Include="MyLib\ColliderBase.h">
      <Filter>ソース ファイル\MyLib</Filter>
    </ClInclude>
    <ClInclude Include="MyLib\ColliderCupsule.h">
      <Filter>ソース ファイル\MyLib</Filter>
    </ClInclude>
    <ClInclude Include="MyLib\ColliderSphere.h">
      <Filter>ソース ファイル\MyLib</Filter>
    </ClInclude>
    <ClInclude Include="MyLib\DebugDraw.h">
      <Filter>ソース ファイル\MyLib</Filter>
    </ClInclude>
    <ClInclude Include="MyLib\GameObjectTag.h">
      <Filter>ソース ファイル\MyLib</Filter>
    </ClInclude>
    <ClInclude Include="Util\Input.h">
      <Filter>ソース ファイル\MyLib</Filter>
    </ClInclude>
    <ClInclude Include="MyLib\MyLib.h">
      <Filter>ソース ファイル\MyLib</Filter>
    </ClInclude>
    <ClInclude Include="MyLib\Physics.h">
      <Filter>ソース ファイル\MyLib</Filter>
    </ClInclude>
    <ClInclude Include="MyLib\Rigidbody.h">
      <Filter>ソース ファイル\MyLib</Filter>
    </ClInclude>
    <ClInclude Include="Object\Trap\SpikeTrap.h">
      <Filter>ソース ファイル\Object\Trap</Filter>
    </ClInclude>
    <ClInclude Include="Object\Trap\TrapBase.h">
      <Filter>ソース ファイル\Object\Trap</Filter>
    </ClInclude>
    <ClInclude Include="Object\Crystal.h">
      <Filter>ソース ファイル\Object</Filter>
    </ClInclude>
    <ClInclude Include="Object\HealPortion.h">
      <Filter>ソース ファイル\Object</Filter>
    </ClInclude>
    <ClInclude Include="Object\ObjectBase.h">
      <Filter>ソース ファイル\Object</Filter>
    </ClInclude>
    <ClInclude Include="Object\Shot.h">
      <Filter>ソース ファイル\Object</Filter>
    </ClInclude>
    <ClInclude Include="Scene\SceneBase.h">
      <Filter>ソース ファイル\Scene</Filter>
    </ClInclude>
    <ClInclude Include="Scene\SceneDebug.h">
      <Filter>ソース ファイル\Scene</Filter>
    </ClInclude>
    <ClInclude Include="Scene\SceneGame.h">
      <Filter>ソース ファイル\Scene</Filter>
    </ClInclude>
    <ClInclude Include="Scene\SceneMainMenu.h">
      <Filter>ソース ファイル\Scene</Filter>
    </ClInclude>
    <ClInclude Include="Scene\SceneManager.h">
      <Filter>ソース ファイル\Scene</Filter>
    </ClInclude>
    <ClInclude Include="Scene\SceneOption.h">
      <Filter>ソース ファイル\Scene</Filter>
    </ClInclude>
    <ClInclude Include="Scene\ScenePause.h">
      <Filter>ソース ファイル\Scene</Filter>
    </ClInclude>
    <ClInclude Include="Scene\SceneRanking.h">
      <Filter>ソース ファイル\Scene</Filter>
    </ClInclude>
    <ClInclude Include="Scene\SceneResult.h">
      <Filter>ソース ファイル\Scene</Filter>
    </ClInclude>
    <ClInclude Include="Scene\SceneStageSelect.h">
      <Filter>ソース ファイル\Scene</Filter>
    </ClInclude>
    <ClInclude Include="Scene\SceneStrengthen.h">
      <Filter>ソース ファイル\Scene</Filter>
    </ClInclude>
    <ClInclude Include="Scene\SceneTitle.h">
      <Filter>ソース ファイル\Scene</Filter>
    </ClInclude>
    <ClInclude Include="Util\Camera.h">
      <Filter>ソース ファイル\Util</Filter>
    </ClInclude>
    <ClInclude Include="Util\Game.h">
      <Filter>ソース ファイル\Util</Filter>
    </ClInclude>
    <ClInclude Include="Common\ImageManager.h">
      <Filter>ソース ファイル\Common</Filter>
    </ClInclude>
    <ClInclude Include="Geometry\MathHelp.h">
      <Filter>ソース ファイル\Geometry</Filter>
    </ClInclude>
    <ClInclude Include="Geometry\Vec3.h">
      <Filter>ソース ファイル\Geometry</Filter>
    </ClInclude>
    <ClInclude Include="Geometry\LocalPos.h">
      <Filter>ソース ファイル\Geometry</Filter>
    </ClInclude>
    <ClInclude Include="Geometry\Vec2.h">
      <Filter>ソース ファイル\Geometry</Filter>
    </ClInclude>
    <ClInclude Include="Ui\HPBar.h">
      <Filter>ソース ファイル\Ui</Filter>
    </ClInclude>
    <ClInclude Include="Common\GameManager.h">
      <Filter>ソース ファイル\Common</Filter>
    </ClInclude>
    <ClInclude Include="Common\EnemyManager.h">
      <Filter>ソース ファイル\Common</Filter>
    </ClInclude>
  </ItemGroup>
</Project>